// !$*UTF8*$!
{
	archiveVersion = 1;
	classes = {
	};
	objectVersion = 46;
	objects = {

/* Begin PBXBuildFile section */
		A3DE27282098D9710093CC4C /* AppDelegate.swift in Sources */ = {isa = PBXBuildFile; fileRef = A3DE27272098D9710093CC4C /* AppDelegate.swift */; };
		A3DE272A2098D9710093CC4C /* ViewController.swift in Sources */ = {isa = PBXBuildFile; fileRef = A3DE27292098D9710093CC4C /* ViewController.swift */; };
		A3DE272D2098D9710093CC4C /* Main.storyboard in Resources */ = {isa = PBXBuildFile; fileRef = A3DE272B2098D9710093CC4C /* Main.storyboard */; };
		A3DE272F2098D9710093CC4C /* Assets.xcassets in Resources */ = {isa = PBXBuildFile; fileRef = A3DE272E2098D9710093CC4C /* Assets.xcassets */; };
		A3DE27322098D9710093CC4C /* LaunchScreen.storyboard in Resources */ = {isa = PBXBuildFile; fileRef = A3DE27302098D9710093CC4C /* LaunchScreen.storyboard */; };
/* End PBXBuildFile section */

/* Begin PBXFileReference section */
		A3DE27242098D9710093CC4C /* dormer_metalAPP.app */ = {isa = PBXFileReference; explicitFileType = wrapper.application; includeInIndex = 0; path = dormer_metalAPP.app; sourceTree = BUILT_PRODUCTS_DIR; };
		A3DE27272098D9710093CC4C /* AppDelegate.swift */ = {isa = PBXFileReference; lastKnownFileType = sourcecode.swift; path = AppDelegate.swift; sourceTree = "<group>"; };
		A3DE27292098D9710093CC4C /* ViewController.swift */ = {isa = PBXFileReference; lastKnownFileType = sourcecode.swift; path = ViewController.swift; sourceTree = "<group>"; };
		A3DE272C2098D9710093CC4C /* Base */ = {isa = PBXFileReference; lastKnownFileType = file.storyboard; name = Base; path = Base.lproj/Main.storyboard; sourceTree = "<group>"; };
		A3DE272E2098D9710093CC4C /* Assets.xcassets */ = {isa = PBXFileReference; lastKnownFileType = folder.assetcatalog; path = Assets.xcassets; sourceTree = "<group>"; };
		A3DE27312098D9710093CC4C /* Base */ = {isa = PBXFileReference; lastKnownFileType = file.storyboard; name = Base; path = Base.lproj/LaunchScreen.storyboard; sourceTree = "<group>"; };
		A3DE27332098D9710093CC4C /* Info.plist */ = {isa = PBXFileReference; lastKnownFileType = text.plist.xml; path = Info.plist; sourceTree = "<group>"; };
/* End PBXFileReference section */

/* Begin PBXFrameworksBuildPhase section */
		A3DE27212098D9710093CC4C /* Frameworks */ = {
			isa = PBXFrameworksBuildPhase;
			buildActionMask = 2147483647;
			files = (
			);
			runOnlyForDeploymentPostprocessing = 0;
		};
/* End PBXFrameworksBuildPhase section */

/* Begin PBXGroup section */
		A3DE271B2098D9710093CC4C = {
			isa = PBXGroup;
			children = (
				A3DE27262098D9710093CC4C /* dormer_metalAPP */,
				A3DE27252098D9710093CC4C /* Products */,
			);
			sourceTree = "<group>";
		};
		A3DE27252098D9710093CC4C /* Products */ = {
			isa = PBXGroup;
			children = (
				A3DE27242098D9710093CC4C /* dormer_metalAPP.app */,
			);
			name = Products;
			sourceTree = "<group>";
		};
		A3DE27262098D9710093CC4C /* dormer_metalAPP */ = {
			isa = PBXGroup;
			children = (
				A3DE27272098D9710093CC4C /* AppDelegate.swift */,
				A3DE27292098D9710093CC4C /* ViewController.swift */,
				A3DE272B2098D9710093CC4C /* Main.storyboard */,
				A3DE272E2098D9710093CC4C /* Assets.xcassets */,
				A3DE27302098D9710093CC4C /* LaunchScreen.storyboard */,
				A3DE27332098D9710093CC4C /* Info.plist */,
			);
			path = dormer_metalAPP;
			sourceTree = "<group>";
		};
/* End PBXGroup section */

/* Begin PBXNativeTarget section */
		A3DE27232098D9710093CC4C /* dormer_metalAPP */ = {
			isa = PBXNativeTarget;
			buildConfigurationList = A3DE27362098D9710093CC4C /* Build configuration list for PBXNativeTarget "dormer_metalAPP" */;
			buildPhases = (
				A3DE27202098D9710093CC4C /* Sources */,
				A3DE27212098D9710093CC4C /* Frameworks */,
				A3DE27222098D9710093CC4C /* Resources */,
			);
			buildRules = (
			);
			dependencies = (
			);
			name = dormer_metalAPP;
			productName = dormer_metalAPP;
			productReference = A3DE27242098D9710093CC4C /* dormer_metalAPP.app */;
			productType = "com.apple.product-type.application";
		};
/* End PBXNativeTarget section */

/* Begin PBXProject section */
		A3DE271C2098D9710093CC4C /* Project object */ = {
			isa = PBXProject;
			attributes = {
				LastSwiftUpdateCheck = 0830;
				LastUpgradeCheck = 0830;
				ORGANIZATIONNAME = "Dormer Beau";
				TargetAttributes = {
					A3DE27232098D9710093CC4C = {
						CreatedOnToolsVersion = 8.3.3;
						ProvisioningStyle = Automatic;
					};
				};
			};
			buildConfigurationList = A3DE271F2098D9710093CC4C /* Build configuration list for PBXProject "dormer_metalAPP" */;
			compatibilityVersion = "Xcode 3.2";
			developmentRegion = English;
			hasScannedForEncodings = 0;
			knownRegions = (
				en,
				Base,
			);
			mainGroup = A3DE271B2098D9710093CC4C;
			productRefGroup = A3DE27252098D9710093CC4C /* Products */;
			projectDirPath = "";
			projectRoot = "";
			targets = (
				A3DE27232098D9710093CC4C /* dormer_metalAPP */,
			);
		};
/* End PBXProject section */

/* Begin PBXResourcesBuildPhase section */
		A3DE27222098D9710093CC4C /* Resources */ = {
			isa = PBXResourcesBuildPhase;
			buildActionMask = 2147483647;
			files = (
				A3DE27322098D9710093CC4C /* LaunchScreen.storyboard in Resources */,
				A3DE272F2098D9710093CC4C /* Assets.xcassets in Resources */,
				A3DE272D2098D9710093CC4C /* Main.storyboard in Resources */,
			);
			runOnlyForDeploymentPostprocessing = 0;
		};
/* End PBXResourcesBuildPhase section */

/* Begin PBXSourcesBuildPhase section */
		A3DE27202098D9710093CC4C /* Sources */ = {
			isa = PBXSourcesBuildPhase;
			buildActionMask = 2147483647;
			files = (
				A3DE272A2098D9710093CC4C /* ViewController.swift in Sources */,
				A3DE27282098D9710093CC4C /* AppDelegate.swift in Sources */,
			);
			runOnlyForDeploymentPostprocessing = 0;
		};
/* End PBXSourcesBuildPhase section */

/* Begin PBXVariantGroup section */
		A3DE272B2098D9710093CC4C /* Main.storyboard */ = {
			isa = PBXVariantGroup;
			children = (
				A3DE272C2098D9710093CC4C /* Base */,
			);
			name = Main.storyboard;
			sourceTree = "<group>";
		};
		A3DE27302098D9710093CC4C /* LaunchScreen.storyboard */ = {
			isa = PBXVariantGroup;
			children = (
				A3DE27312098D9710093CC4C /* Base */,
			);
			name = LaunchScreen.storyboard;
			sourceTree = "<group>";
		};
/* End PBXVariantGroup section */

/* Begin XCBuildConfiguration section */
		A3DE27342098D9710093CC4C /* Debug */ = {
			isa = XCBuildConfiguration;
			buildSettings = {
				ALWAYS_SEARCH_USER_PATHS = NO;
				CLANG_ANALYZER_NONNULL = YES;
				CLANG_ANALYZER_NUMBER_OBJECT_CONVERSION = YES_AGGRESSIVE;
				CLANG_CXX_LANGUAGE_STANDARD = "gnu++0x";
				CLANG_CXX_LIBRARY = "libc++";
				CLANG_ENABLE_MODULES = YES;
				CLANG_ENABLE_OBJC_ARC = YES;
				CLANG_WARN_BOOL_CONVERSION = YES;
				CLANG_WARN_CONSTANT_CONVERSION = YES;
				CLANG_WARN_DIRECT_OBJC_ISA_USAGE = YES_ERROR;
				CLANG_WARN_DOCUMENTATION_COMMENTS = YES;
				CLANG_WARN_EMPTY_BODY = YES;
				CLANG_WARN_ENUM_CONVERSION = YES;
				CLANG_WARN_INFINITE_RECURSION = YES;
				CLANG_WARN_INT_CONVERSION = YES;
				CLANG_WARN_OBJC_ROOT_CLASS = YES_ERROR;
				CLANG_WARN_SUSPICIOUS_MOVE = YES;
				CLANG_WARN_UNREACHABLE_CODE = YES;
				CLANG_WARN__DUPLICATE_METHOD_MATCH = YES;
				"CODE_SIGN_IDENTITY[sdk=iphoneos*]" = "iPhone Developer";
				COPY_PHASE_STRIP = NO;
				DEBUG_INFORMATION_FORMAT = dwarf;
				ENABLE_STRICT_OBJC_MSGSEND = YES;
				ENABLE_TESTABILITY = YES;
				GCC_C_LANGUAGE_STANDARD = gnu99;
				GCC_DYNAMIC_NO_PIC = NO;
				GCC_NO_COMMON_BLOCKS = YES;
				GCC_OPTIMIZATION_LEVEL = 0;
				GCC_PREPROCESSOR_DEFINITIONS = (
					"DEBUG=1",
					"$(inherited)",
				);
				GCC_WARN_64_TO_32_BIT_CONVERSION = YES;
				GCC_WARN_ABOUT_RETURN_TYPE = YES_ERROR;
				GCC_WARN_UNDECLARED_SELECTOR = YES;
				GCC_WARN_UNINITIALIZED_AUTOS = YES_AGGRESSIVE;
				GCC_WARN_UNUSED_FUNCTION = YES;
				GCC_WARN_UNUSED_VARIABLE = YES;
				IPHONEOS_DEPLOYMENT_TARGET = 10.3;
				MTL_ENABLE_DEBUG_INFO = YES;
				ONLY_ACTIVE_ARCH = YES;
				SDKROOT = iphoneos;
				SWIFT_ACTIVE_COMPILATION_CONDITIONS = DEBUG;
				SWIFT_OPTIMIZATION_LEVEL = "-Onone";
				TARGETED_DEVICE_FAMILY = "1,2";
			};
			name = Debug;
		};
		A3DE27352098D9710093CC4C /* Release */ = {
			isa = XCBuildConfiguration;
			buildSettings = {
				ALWAYS_SEARCH_USER_PATHS = NO;
				CLANG_ANALYZER_NONNULL = YES;
				CLANG_ANALYZER_NUMBER_OBJECT_CONVERSION = YES_AGGRESSIVE;
				CLANG_CXX_LANGUAGE_STANDARD = "gnu++0x";
				CLANG_CXX_LIBRARY = "libc++";
				CLANG_ENABLE_MODULES = YES;
				CLANG_ENABLE_OBJC_ARC = YES;
				CLANG_WARN_BOOL_CONVERSION = YES;
				CLANG_WARN_CONSTANT_CONVERSION = YES;
				CLANG_WARN_DIRECT_OBJC_ISA_USAGE = YES_ERROR;
				CLANG_WARN_DOCUMENTATION_COMMENTS = YES;
				CLANG_WARN_EMPTY_BODY = YES;
				CLANG_WARN_ENUM_CONVERSION = YES;
				CLANG_WARN_INFINITE_RECURSION = YES;
				CLANG_WARN_INT_CONVERSION = YES;
				CLANG_WARN_OBJC_ROOT_CLASS = YES_ERROR;
				CLANG_WARN_SUSPICIOUS_MOVE = YES;
				CLANG_WARN_UNREACHABLE_CODE = YES;
				CLANG_WARN__DUPLICATE_METHOD_MATCH = YES;
				"CODE_SIGN_IDENTITY[sdk=iphoneos*]" = "iPhone Developer";
				COPY_PHASE_STRIP = NO;
				DEBUG_INFORMATION_FORMAT = "dwarf-with-dsym";
				ENABLE_NS_ASSERTIONS = NO;
				ENABLE_STRICT_OBJC_MSGSEND = YES;
				GCC_C_LANGUAGE_STANDARD = gnu99;
				GCC_NO_COMMON_BLOCKS = YES;
				GCC_WARN_64_TO_32_BIT_CONVERSION = YES;
				GCC_WARN_ABOUT_RETURN_TYPE = YES_ERROR;
				GCC_WARN_UNDECLARED_SELECTOR = YES;
				GCC_WARN_UNINITIALIZED_AUTOS = YES_AGGRESSIVE;
				GCC_WARN_UNUSED_FUNCTION = YES;
				GCC_WARN_UNUSED_VARIABLE = YES;
				IPHONEOS_DEPLOYMENT_TARGET = 10.3;
				MTL_ENABLE_DEBUG_INFO = NO;
				SDKROOT = iphoneos;
				SWIFT_OPTIMIZATION_LEVEL = "-Owholemodule";
				TARGETED_DEVICE_FAMILY = "1,2";
				VALIDATE_PRODUCT = YES;
			};
			name = Release;
		};
		A3DE27372098D9710093CC4C /* Debug */ = {
			isa = XCBuildConfiguration;
			buildSettings = {
				ASSETCATALOG_COMPILER_APPICON_NAME = AppIcon;
				INFOPLIST_FILE = dormer_metalAPP/Info.plist;
				LD_RUNPATH_SEARCH_PATHS = "$(inherited) @executable_path/Frameworks";
				PRODUCT_BUNDLE_IDENTIFIER = "COHS.dormer-metalAPP";
				PRODUCT_NAME = "$(TARGET_NAME)";
				SWIFT_VERSION = 3.0;
			};
			name = Debug;
		};
		A3DE27382098D9710093CC4C /* Release */ = {
			isa = XCBuildConfiguration;
			buildSettings = {
				ASSETCATALOG_COMPILER_APPICON_NAME = AppIcon;
				INFOPLIST_FILE = dormer_metalAPP/Info.plist;
				LD_RUNPATH_SEARCH_PATHS = "$(inherited) @executable_path/Frameworks";
				PRODUCT_BUNDLE_IDENTIFIER = "COHS.dormer-metalAPP";
				PRODUCT_NAME = "$(TARGET_NAME)";
				SWIFT_VERSION = 3.0;
			};
			name = Release;
		};
/* End XCBuildConfiguration section */

/* Begin XCConfigurationList section */
		A3DE271F2098D9710093CC4C /* Build configuration list for PBXProject "dormer_metalAPP" */ = {
			isa = XCConfigurationList;
			buildConfigurations = (
				A3DE27342098D9710093CC4C /* Debug */,
				A3DE27352098D9710093CC4C /* Release */,
			);
			defaultConfigurationIsVisible = 0;
			defaultConfigurationName = Release;
		};
		A3DE27362098D9710093CC4C /* Build configuration list for PBXNativeTarget "dormer_metalAPP" */ = {
			isa = XCConfigurationList;
			buildConfigurations = (
				A3DE27372098D9710093CC4C /* Debug */,
				A3DE27382098D9710093CC4C /* Release */,
			);
			defaultConfigurationIsVisible = 0;
		};
/* End XCConfigurationList section */
	};
	rootObject = A3DE271C2098D9710093CC4C /* Project object */;
}
